
Microsoft Visual Studio Solution File, Format Version 12.00
# Visual Studio Version 17
VisualStudioVersion = 17.0.31903.59
MinimumVisualStudioVersion = 10.0.40219.1
Project("{FAE04EC0-301F-11D3-BF4B-00C04F79EFBC}") = "MoneyExtension", "MoneyExtension\MoneyExtension.csproj", "{3C75206F-CE72-447C-8B24-07730B51B8C9}"
EndProject
Project("{FAE04EC0-301F-11D3-BF4B-00C04F79EFBC}") = "MoneyExtension.Tests", "MoneyExtension.Tests\MoneyExtension.Tests.csproj", "{8D66C828-2559-4D9F-B96E-928A6D04BAF1}"
EndProject
Global
	GlobalSection(SolutionConfigurationPlatforms) = preSolution
		Debug|Any CPU = Debug|Any CPU
		Release|Any CPU = Release|Any CPU
	EndGlobalSection
	GlobalSection(SolutionProperties) = preSolution
		HideSolutionNode = FALSE
	EndGlobalSection
	GlobalSection(ProjectConfigurationPlatforms) = postSolution
		{3C75206F-CE72-447C-8B24-07730B51B8C9}.Debug|Any CPU.ActiveCfg = Debug|Any CPU
		{3C75206F-CE72-447C-8B24-07730B51B8C9}.Debug|Any CPU.Build.0 = Debug|Any CPU
		{3C75206F-CE72-447C-8B24-07730B51B8C9}.Release|Any CPU.ActiveCfg = Release|Any CPU
		{3C75206F-CE72-447C-8B24-07730B51B8C9}.Release|Any CPU.Build.0 = Release|Any CPU
		{8D66C828-2559-4D9F-B96E-928A6D04BAF1}.Debug|Any CPU.ActiveCfg = Debug|Any CPU
		{8D66C828-2559-4D9F-B96E-928A6D04BAF1}.Debug|Any CPU.Build.0 = Debug|Any CPU
		{8D66C828-2559-4D9F-B96E-928A6D04BAF1}.Release|Any CPU.ActiveCfg = Release|Any CPU
		{8D66C828-2559-4D9F-B96E-928A6D04BAF1}.Release|Any CPU.Build.0 = Release|Any CPU
	EndGlobalSection
EndGlobal
